
Microsoft Visual Studio Solution File, Format Version 12.00
# Visual Studio Version 17
VisualStudioVersion = 17.11.35208.52
MinimumVisualStudioVersion = 10.0.40219.1
Project("{FAE04EC0-301F-11D3-BF4B-00C04F79EFBC}") = "RELS", "RELS\RELS.csproj", "{1D2C108D-E01E-46A1-BD17-3785B824188B}"
EndProject
Global
	GlobalSection(SolutionConfigurationPlatforms) = preSolution
		Debug|Any CPU = Debug|Any CPU
		Release|Any CPU = Release|Any CPU
	EndGlobalSection
	GlobalSection(ProjectConfigurationPlatforms) = postSolution
		{1D2C108D-E01E-46A1-BD17-3785B824188B}.Debug|Any CPU.ActiveCfg = Debug|Any CPU
		{1D2C108D-E01E-46A1-BD17-3785B824188B}.Debug|Any CPU.Build.0 = Debug|Any CPU
		{1D2C108D-E01E-46A1-BD17-3785B824188B}.Release|Any CPU.ActiveCfg = Release|Any CPU
		{1D2C108D-E01E-46A1-BD17-3785B824188B}.Release|Any CPU.Build.0 = Release|Any CPU
	EndGlobalSection
	GlobalSection(SolutionProperties) = preSolution
		HideSolutionNode = FALSE
	EndGlobalSection
	GlobalSection(ExtensibilityGlobals) = postSolution
		SolutionGuid = {7D52E06E-BB35-4F80-AB0C-AB82BE26A9CF}
	EndGlobalSection
EndGlobal
